
Microsoft Visual Studio Solution File, Format Version 12.00
# Visual Studio Version 17
VisualStudioVersion = 17.0.31903.59
MinimumVisualStudioVersion = 10.0.40219.1
Project("{FAE04EC0-301F-11D3-BF4B-00C04F79EFBC}") = "src", "src\src.csproj", "{521B9EB2-8A61-4EA2-A471-87D04F6F6A33}"
EndProject
Project("{FAE04EC0-301F-11D3-BF4B-00C04F79EFBC}") = "test", "test\test.csproj", "{8661B9F7-40BD-402D-B52C-D2A644183359}"
EndProject
Global
	GlobalSection(SolutionConfigurationPlatforms) = preSolution
		Debug|Any CPU = Debug|Any CPU
		Release|Any CPU = Release|Any CPU
	EndGlobalSection
	GlobalSection(SolutionProperties) = preSolution
		HideSolutionNode = FALSE
	EndGlobalSection
	GlobalSection(ProjectConfigurationPlatforms) = postSolution
		{521B9EB2-8A61-4EA2-A471-87D04F6F6A33}.Debug|Any CPU.ActiveCfg = Debug|Any CPU
		{521B9EB2-8A61-4EA2-A471-87D04F6F6A33}.Debug|Any CPU.Build.0 = Debug|Any CPU
		{521B9EB2-8A61-4EA2-A471-87D04F6F6A33}.Release|Any CPU.ActiveCfg = Release|Any CPU
		{521B9EB2-8A61-4EA2-A471-87D04F6F6A33}.Release|Any CPU.Build.0 = Release|Any CPU
		{8661B9F7-40BD-402D-B52C-D2A644183359}.Debug|Any CPU.ActiveCfg = Debug|Any CPU
		{8661B9F7-40BD-402D-B52C-D2A644183359}.Debug|Any CPU.Build.0 = Debug|Any CPU
		{8661B9F7-40BD-402D-B52C-D2A644183359}.Release|Any CPU.ActiveCfg = Release|Any CPU
		{8661B9F7-40BD-402D-B52C-D2A644183359}.Release|Any CPU.Build.0 = Release|Any CPU
	EndGlobalSection
EndGlobal
